lockfileVersion: '9.0'

settings:
  autoInstallPeers: true
  excludeLinksFromLockfile: false

importers:

  .:
    dependencies:
      chalk:
        specifier: ~5.6.2
        version: 5.6.2
      commander:
        specifier: ~14.0.2
        version: 14.0.2
      open:
        specifier: ^11.0.0
        version: 11.0.0
      ora:
        specifier: ~9.1.0
        version: 9.1.0
      prompts:
        specifier: ~2.4.2
        version: 2.4.2
      yesno:
        specifier: ~0.4.0
        version: 0.4.0
    devDependencies:
      '@types/node':
        specifier: ^24.1.0
        version: 24.10.9
      '@types/prompts':
        specifier: ~2.4.9
        version: 2.4.9
      oxlint:
        specifier: ^1.41.0
        version: 1.41.0
      typescript:
        specifier: ~5.9.3
        version: 5.9.3

packages:

  '@oxlint/darwin-arm64@1.41.0':
    resolution: {integrity: sha512-K0Bs0cNW11oWdSrKmrollKF44HMM2HKr4QidZQHMlhJcSX8pozxv0V5FLdqB4sddzCY0J9Wuuw+oRAfR8sdRwA==}
    cpu: [arm64]
    os: [darwin]

  '@oxlint/darwin-x64@1.41.0':
    resolution: {integrity: sha512-1LCCXCe9nN8LbrJ1QOGari2HqnxrZrveYKysWDIg8gFsQglIg00XF/8lRbA0kWHMdLgt4X0wfNYhhFz+c3XXLQ==}
    cpu: [x64]
    os: [darwin]

  '@oxlint/linux-arm64-gnu@1.41.0':
    resolution: {integrity: sha512-Fow7H84Bs8XxuaK1yfSEWBC8HI7rfEQB9eR2A0J61un1WgCas7jNrt1HbT6+p6KmUH2bhR+r/RDu/6JFAvvj4g==}
    cpu: [arm64]
    os: [linux]

  '@oxlint/linux-arm64-musl@1.41.0':
    resolution: {integrity: sha512-WoRRDNwgP5W3rjRh42Zdx8ferYnqpKoYCv2QQLenmdrLjRGYwAd52uywfkcS45mKEWHeY1RPwPkYCSROXiGb2w==}
    cpu: [arm64]
    os: [linux]

  '@oxlint/linux-x64-gnu@1.41.0':
    resolution: {integrity: sha512-75k3CKj3fOc/a/2aSgO81s3HsTZOFROthPJ+UI2Oatic1LhvH6eKjKfx3jDDyVpzeDS2qekPlc/y3N33iZz5Og==}
    cpu: [x64]
    os: [linux]

  '@oxlint/linux-x64-musl@1.41.0':
    resolution: {integrity: sha512-8r82eBwGPoAPn67ZvdxTlX/Z3gVb+ZtN6nbkyFzwwHWAh8yGutX+VBcVkyrePSl6XgBP4QAaddPnHmkvJjqY0g==}
    cpu: [x64]
    os: [linux]

  '@oxlint/win32-arm64@1.41.0':
    resolution: {integrity: sha512-aK+DAcckQsNCOXKruatyYuY/ROjNiRejQB1PeJtkZwM21+8rV9ODYbvKNvt0pW+YCws7svftBSFMCpl3ke2unw==}
    cpu: [arm64]
    os: [win32]

  '@oxlint/win32-x64@1.41.0':
    resolution: {integrity: sha512-dVBXkZ6MGLd3owV7jvuqJsZwiF3qw7kEkDVsYVpS/O96eEvlHcxVbaPjJjrTBgikXqyC22vg3dxBU7MW0utGfw==}
    cpu: [x64]
    os: [win32]

  '@types/node@24.10.9':
    resolution: {integrity: sha512-ne4A0IpG3+2ETuREInjPNhUGis1SFjv1d5asp8MzEAGtOZeTeHVDOYqOgqfhvseqg/iXty2hjBf1zAOb7RNiNw==}

  '@types/prompts@2.4.9':
    resolution: {integrity: sha512-qTxFi6Buiu8+50/+3DGIWLHM6QuWsEKugJnnP6iv2Mc4ncxE4A/OJkjuVOA+5X0X1S/nq5VJRa8Lu+nwcvbrKA==}

  ansi-regex@6.2.2:
    resolution: {integrity: sha512-Bq3SmSpyFHaWjPk8If9yc6svM8c56dB5BAtW4Qbw5jHTwwXXcTLoRMkpDJp6VL0XzlWaCHTXrkFURMYmD0sLqg==}
    engines: {node: '>=12'}

  bundle-name@4.1.0:
    resolution: {integrity: sha512-tjwM5exMg6BGRI+kNmTntNsvdZS1X8BFYS6tnJ2hdH0kVxM6/eVZ2xy+FqStSWvYmtfFMDLIxurorHwDKfDz5Q==}
    engines: {node: '>=18'}

  chalk@5.6.2:
    resolution: {integrity: sha512-7NzBL0rN6fMUW+f7A6Io4h40qQlG+xGmtMxfbnH/K7TAtt8JQWVQK+6g0UXKMeVJoyV5EkkNsErQ8pVD3bLHbA==}
    engines: {node: ^12.17.0 || ^14.13 || >=16.0.0}

  cli-cursor@5.0.0:
    resolution: {integrity: sha512-aCj4O5wKyszjMmDT4tZj93kxyydN/K5zPWSCe6/0AV/AA1pqe5ZBIw0a2ZfPQV7lL5/yb5HsUreJ6UFAF1tEQw==}
    engines: {node: '>=18'}

  cli-spinners@3.4.0:
    resolution: {integrity: sha512-bXfOC4QcT1tKXGorxL3wbJm6XJPDqEnij2gQ2m7ESQuE+/z9YFIWnl/5RpTiKWbMq3EVKR4fRLJGn6DVfu0mpw==}
    engines: {node: '>=18.20'}

  commander@14.0.2:
    resolution: {integrity: sha512-TywoWNNRbhoD0BXs1P3ZEScW8W5iKrnbithIl0YH+uCmBd0QpPOA8yc82DS3BIE5Ma6FnBVUsJ7wVUDz4dvOWQ==}
    engines: {node: '>=20'}

  default-browser-id@5.0.1:
    resolution: {integrity: sha512-x1VCxdX4t+8wVfd1so/9w+vQ4vx7lKd2Qp5tDRutErwmR85OgmfX7RlLRMWafRMY7hbEiXIbudNrjOAPa/hL8Q==}
    engines: {node: '>=18'}

  default-browser@5.4.0:
    resolution: {integrity: sha512-XDuvSq38Hr1MdN47EDvYtx3U0MTqpCEn+F6ft8z2vYDzMrvQhVp0ui9oQdqW3MvK3vqUETglt1tVGgjLuJ5izg==}
    engines: {node: '>=18'}

  define-lazy-prop@3.0.0:
    resolution: {integrity: sha512-N+MeXYoqr3pOgn8xfyRPREN7gHakLYjhsHhWGT3fWAiL4IkAt0iDw14QiiEm2bE30c5XX5q0FtAA3CK5f9/BUg==}
    engines: {node: '>=12'}

  get-east-asian-width@1.4.0:
    resolution: {integrity: sha512-QZjmEOC+IT1uk6Rx0sX22V6uHWVwbdbxf1faPqJ1QhLdGgsRGCZoyaQBm/piRdJy/D2um6hM1UP7ZEeQ4EkP+Q==}
    engines: {node: '>=18'}

  is-docker@3.0.0:
    resolution: {integrity: sha512-eljcgEDlEns/7AXFosB5K/2nCM4P7FQPkGc/DWLy5rmFEWvZayGrik1d9/QIY5nJ4f9YsVvBkA6kJpHn9rISdQ==}
    engines: {node: ^12.20.0 || ^14.13.1 || >=16.0.0}
    hasBin: true

  is-in-ssh@1.0.0:
    resolution: {integrity: sha512-jYa6Q9rH90kR1vKB6NM7qqd1mge3Fx4Dhw5TVlK1MUBqhEOuCagrEHMevNuCcbECmXZ0ThXkRm+Ymr51HwEPAw==}
    engines: {node: '>=20'}

  is-inside-container@1.0.0:
    resolution: {integrity: sha512-KIYLCCJghfHZxqjYBE7rEy0OBuTd5xCHS7tHVgvCLkx7StIoaxwNW3hCALgEUjFfeRk+MG/Qxmp/vtETEF3tRA==}
    engines: {node: '>=14.16'}
    hasBin: true

  is-interactive@2.0.0:
    resolution: {integrity: sha512-qP1vozQRI+BMOPcjFzrjXuQvdak2pHNUMZoeG2eRbiSqyvbEf/wQtEOTOX1guk6E3t36RkaqiSt8A/6YElNxLQ==}
    engines: {node: '>=12'}

  is-unicode-supported@2.1.0:
    resolution: {integrity: sha512-mE00Gnza5EEB3Ds0HfMyllZzbBrmLOX3vfWoj9A9PEnTfratQ/BcaJOuMhnkhjXvb2+FkY3VuHqtAGpTPmglFQ==}
    engines: {node: '>=18'}

  is-wsl@3.1.0:
    resolution: {integrity: sha512-UcVfVfaK4Sc4m7X3dUSoHoozQGBEFeDC+zVo06t98xe8CzHSZZBekNXH+tu0NalHolcJ/QAGqS46Hef7QXBIMw==}
    engines: {node: '>=16'}

  kleur@3.0.3:
    resolution: {integrity: sha512-eTIzlVOSUR+JxdDFepEYcBMtZ9Qqdef+rnzWdRZuMbOywu5tO2w2N7rqjoANZ5k9vywhL6Br1VRjUIgTQx4E8w==}
    engines: {node: '>=6'}

  log-symbols@7.0.1:
    resolution: {integrity: sha512-ja1E3yCr9i/0hmBVaM0bfwDjnGy8I/s6PP4DFp+yP+a+mrHO4Rm7DtmnqROTUkHIkqffC84YY7AeqX6oFk0WFg==}
    engines: {node: '>=18'}

  mimic-function@5.0.1:
    resolution: {integrity: sha512-VP79XUPxV2CigYP3jWwAUFSku2aKqBH7uTAapFWCBqutsbmDo96KY5o8uh6U+/YSIn5OxJnXp73beVkpqMIGhA==}
    engines: {node: '>=18'}

  onetime@7.0.0:
    resolution: {integrity: sha512-VXJjc87FScF88uafS3JllDgvAm+c/Slfz06lorj2uAY34rlUu0Nt+v8wreiImcrgAjjIHp1rXpTDlLOGw29WwQ==}
    engines: {node: '>=18'}

  open@11.0.0:
    resolution: {integrity: sha512-smsWv2LzFjP03xmvFoJ331ss6h+jixfA4UUV/Bsiyuu4YJPfN+FIQGOIiv4w9/+MoHkfkJ22UIaQWRVFRfH6Vw==}
    engines: {node: '>=20'}

  ora@9.1.0:
    resolution: {integrity: sha512-53uuLsXHOAJl5zLrUrzY9/kE+uIFEx7iaH4g2BIJQK4LZjY4LpCCYZVKDWIkL+F01wAaCg93duQ1whnK/AmY1A==}
    engines: {node: '>=20'}

  oxlint@1.41.0:
    resolution: {integrity: sha512-Dyaoup82uhgAgp5xLNt4dPdvl5eSJTIzqzL7DcKbkooUE4PDViWURIPlSUF8hu5a+sCnNIp/LlQMDsKoyaLTBA==}
    engines: {node: ^20.19.0 || >=22.12.0}
    hasBin: true
    peerDependencies:
      oxlint-tsgolint: '>=0.11.1'
    peerDependenciesMeta:
      oxlint-tsgolint:
        optional: true

  powershell-utils@0.1.0:
    resolution: {integrity: sha512-dM0jVuXJPsDN6DvRpea484tCUaMiXWjuCn++HGTqUWzGDjv5tZkEZldAJ/UMlqRYGFrD/etByo4/xOuC/snX2A==}
    engines: {node: '>=20'}

  prompts@2.4.2:
    resolution: {integrity: sha512-NxNv/kLguCA7p3jE8oL2aEBsrJWgAakBpgmgK6lpPWV+WuOmY6r2/zbAVnP+T8bQlA0nzHXSJSJW0Hq7ylaD2Q==}
    engines: {node: '>= 6'}

  restore-cursor@5.1.0:
    resolution: {integrity: sha512-oMA2dcrw6u0YfxJQXm342bFKX/E4sG9rbTzO9ptUcR/e8A33cHuvStiYOwH7fszkZlZ1z/ta9AAoPk2F4qIOHA==}
    engines: {node: '>=18'}

  run-applescript@7.1.0:
    resolution: {integrity: sha512-DPe5pVFaAsinSaV6QjQ6gdiedWDcRCbUuiQfQa2wmWV7+xC9bGulGI8+TdRmoFkAPaBXk8CrAbnlY2ISniJ47Q==}
    engines: {node: '>=18'}

  signal-exit@4.1.0:
    resolution: {integrity: sha512-bzyZ1e88w9O1iNJbKnOlvYTrWPDl46O1bG0D3XInv+9tkPrxrN8jUUTiFlDkkmKWgn1M6CfIA13SuGqOa9Korw==}
    engines: {node: '>=14'}

  sisteransi@1.0.5:
    resolution: {integrity: sha512-bLGGlR1QxBcynn2d5YmDX4MGjlZvy2MRBDRNHLJ8VI6l6+9FUiyTFNJ0IveOSP0bcXgVDPRcfGqA0pjaqUpfVg==}

  stdin-discarder@0.2.2:
    resolution: {integrity: sha512-UhDfHmA92YAlNnCfhmq0VeNL5bDbiZGg7sZ2IvPsXubGkiNa9EC+tUTsjBRsYUAz87btI6/1wf4XoVvQ3uRnmQ==}
    engines: {node: '>=18'}

  string-width@8.1.0:
    resolution: {integrity: sha512-Kxl3KJGb/gxkaUMOjRsQ8IrXiGW75O4E3RPjFIINOVH8AMl2SQ/yWdTzWwF3FevIX9LcMAjJW+GRwAlAbTSXdg==}
    engines: {node: '>=20'}

  strip-ansi@7.1.2:
    resolution: {integrity: sha512-gmBGslpoQJtgnMAvOVqGZpEz9dyoKTCzy2nfz/n8aIFhN/jCE/rCmcxabB6jOOHV+0WNnylOxaxBQPSvcWklhA==}
    engines: {node: '>=12'}

  typescript@5.9.3:
    resolution: {integrity: sha512-jl1vZzPDinLr9eUt3J/t7V6FgNEw9QjvBPdysz9KfQDD41fQrC2Y4vKQdiaUpFT4bXlb1RHhLpp8wtm6M5TgSw==}
    engines: {node: '>=14.17'}
    hasBin: true

  undici-types@7.16.0:
    resolution: {integrity: sha512-Zz+aZWSj8LE6zoxD+xrjh4VfkIG8Ya6LvYkZqtUQGJPZjYl53ypCaUwWqo7eI0x66KBGeRo+mlBEkMSeSZ38Nw==}

  wsl-utils@0.3.1:
    resolution: {integrity: sha512-g/eziiSUNBSsdDJtCLB8bdYEUMj4jR7AGeUo96p/3dTafgjHhpF4RiCFPiRILwjQoDXx5MqkBr4fwWtR3Ky4Wg==}
    engines: {node: '>=20'}

  yesno@0.4.0:
    resolution: {integrity: sha512-tdBxmHvbXPBKYIg81bMCB7bVeDmHkRzk5rVJyYYXurwKkHq/MCd8rz4HSJUP7hW0H2NlXiq8IFiWvYKEHhlotA==}

  yoctocolors@2.1.2:
    resolution: {integrity: sha512-CzhO+pFNo8ajLM2d2IW/R93ipy99LWjtwblvC1RsoSUMZgyLbYFr221TnSNT7GjGdYui6P459mw9JH/g/zW2ug==}
    engines: {node: '>=18'}

snapshots:

  '@oxlint/darwin-arm64@1.41.0':
    optional: true

  '@oxlint/darwin-x64@1.41.0':
    optional: true

  '@oxlint/linux-arm64-gnu@1.41.0':
    optional: true

  '@oxlint/linux-arm64-musl@1.41.0':
    optional: true

  '@oxlint/linux-x64-gnu@1.41.0':
    optional: true

  '@oxlint/linux-x64-musl@1.41.0':
    optional: true

  '@oxlint/win32-arm64@1.41.0':
    optional: true

  '@oxlint/win32-x64@1.41.0':
    optional: true

  '@types/node@24.10.9':
    dependencies:
      undici-types: 7.16.0

  '@types/prompts@2.4.9':
    dependencies:
      '@types/node': 24.10.9
      kleur: 3.0.3

  ansi-regex@6.2.2: {}

  bundle-name@4.1.0:
    dependencies:
      run-applescript: 7.1.0

  chalk@5.6.2: {}

  cli-cursor@5.0.0:
    dependencies:
      restore-cursor: 5.1.0

  cli-spinners@3.4.0: {}

  commander@14.0.2: {}

  default-browser-id@5.0.1: {}

  default-browser@5.4.0:
    dependencies:
      bundle-name: 4.1.0
      default-browser-id: 5.0.1

  define-lazy-prop@3.0.0: {}

  get-east-asian-width@1.4.0: {}

  is-docker@3.0.0: {}

  is-in-ssh@1.0.0: {}

  is-inside-container@1.0.0:
    dependencies:
      is-docker: 3.0.0

  is-interactive@2.0.0: {}

  is-unicode-supported@2.1.0: {}

  is-wsl@3.1.0:
    dependencies:
      is-inside-container: 1.0.0

  kleur@3.0.3: {}

  log-symbols@7.0.1:
    dependencies:
      is-unicode-supported: 2.1.0
      yoctocolors: 2.1.2

  mimic-function@5.0.1: {}

  onetime@7.0.0:
    dependencies:
      mimic-function: 5.0.1

  open@11.0.0:
    dependencies:
      default-browser: 5.4.0
      define-lazy-prop: 3.0.0
      is-in-ssh: 1.0.0
      is-inside-container: 1.0.0
      powershell-utils: 0.1.0
      wsl-utils: 0.3.1

  ora@9.1.0:
    dependencies:
      chalk: 5.6.2
      cli-cursor: 5.0.0
      cli-spinners: 3.4.0
      is-interactive: 2.0.0
      is-unicode-supported: 2.1.0
      log-symbols: 7.0.1
      stdin-discarder: 0.2.2
      string-width: 8.1.0

  oxlint@1.41.0:
    optionalDependencies:
      '@oxlint/darwin-arm64': 1.41.0
      '@oxlint/darwin-x64': 1.41.0
      '@oxlint/linux-arm64-gnu': 1.41.0
      '@oxlint/linux-arm64-musl': 1.41.0
      '@oxlint/linux-x64-gnu': 1.41.0
      '@oxlint/linux-x64-musl': 1.41.0
      '@oxlint/win32-arm64': 1.41.0
      '@oxlint/win32-x64': 1.41.0

  powershell-utils@0.1.0: {}

  prompts@2.4.2:
    dependencies:
      kleur: 3.0.3
      sisteransi: 1.0.5

  restore-cursor@5.1.0:
    dependencies:
      onetime: 7.0.0
      signal-exit: 4.1.0

  run-applescript@7.1.0: {}

  signal-exit@4.1.0: {}

  sisteransi@1.0.5: {}

  stdin-discarder@0.2.2: {}

  string-width@8.1.0:
    dependencies:
      get-east-asian-width: 1.4.0
      strip-ansi: 7.1.2

  strip-ansi@7.1.2:
    dependencies:
      ansi-regex: 6.2.2

  typescript@5.9.3: {}

  undici-types@7.16.0: {}

  wsl-utils@0.3.1:
    dependencies:
      is-wsl: 3.1.0
      powershell-utils: 0.1.0

  yesno@0.4.0: {}

  yoctocolors@2.1.2: {}
